<?xml version="1.0" encoding="utf-8"?>
<Project ToolsVersion="4.0" xmlns="http://schemas.microsoft.com/developer/msbuild/2003">
  <ItemGroup>
    <Filter Include="Source Files">
      <UniqueIdentifier>{4FC737F1-C7A5-4376-A066-2A32D752A2FF}</UniqueIdentifier>
      <Extensions>cpp;c;cc;cxx;c++;cppm;ixx;def;odl;idl;hpj;bat;asm;asmx</Extensions>
    </Filter>
    <Filter Include="Header Files">
      <UniqueIdentifier>{93995380-89BD-4b04-88EB-625FBE52EBFB}</UniqueIdentifier>
      <Extensions>h;hh;hpp;hxx;h++;hm;inl;inc;ipp;xsd</Extensions>
    </Filter>
    <Filter Include="Resource Files">
      <UniqueIdentifier>{67DA6AB6-F800-4c08-8B7A-83BB121AAD01}</UniqueIdentifier>
      <Extensions>rc;ico;cur;bmp;dlg;rc2;rct;bin;rgs;gif;jpg;jpeg;jpe;resx;tiff;tif;png;wav;mfcribbon-ms</Extensions>
    </Filter>
    <Filter Include="Resource Files\shaders">
      <UniqueIdentifier>{f48fb4a0-9d23-4a74-a1ff-584bfcac9c16}</UniqueIdentifier>
    </Filter>
    <Filter Include="Resource Files\models">
      <UniqueIdentifier>{5de1b123-fadb-4769-a82a-ff7260f74f93}</UniqueIdentifier>
    </Filter>
    <Filter Include="Header Files\Transformations">
      <UniqueIdentifier>{211574e7-2ebb-43ac-bd7e-341c9e2e570d}</UniqueIdentifier>
    </Filter>
    <Filter Include="Source Files\Transformations">
      <UniqueIdentifier>{7f8be80a-07a0-4c11-a0a1-f6d7fb086783}</UniqueIdentifier>
    </Filter>
    <Filter Include="Header Files\Common">
      <UniqueIdentifier>{748b0e7d-2482-4f8d-bd5a-0e663d574410}</UniqueIdentifier>
    </Filter>
    <Filter Include="Source Files\Common">
      <UniqueIdentifier>{964c7104-8286-4bc7-83c4-e7d413eac9f1}</UniqueIdentifier>
    </Filter>
    <Filter Include="Source Files\DrawableObjects">
      <UniqueIdentifier>{38399467-711c-4f4e-9be7-588ee44e21ed}</UniqueIdentifier>
    </Filter>
    <Filter Include="Source Files\ShaderClasses">
      <UniqueIdentifier>{fd751780-3161-4a38-9e00-38586acd2764}</UniqueIdentifier>
    </Filter>
    <Filter Include="Header Files\Structures">
      <UniqueIdentifier>{73504aef-1687-4cb8-87da-645a60d40651}</UniqueIdentifier>
    </Filter>
    <Filter Include="Header Files\Enums">
      <UniqueIdentifier>{515e132d-6ef1-4a1b-80d5-18dc8b8db108}</UniqueIdentifier>
    </Filter>
    <Filter Include="Resource Files\shaders\fragmentShaders">
      <UniqueIdentifier>{aa626768-7fa3-4ccc-9590-5cb721061600}</UniqueIdentifier>
    </Filter>
    <Filter Include="Resource Files\shaders\vertexShaders">
      <UniqueIdentifier>{bb80019c-6f36-4859-8b5e-44827c329eab}</UniqueIdentifier>
    </Filter>
    <Filter Include="Resource Files\shaders\mixedShaders">
      <UniqueIdentifier>{10c41fea-3d14-4d87-aa46-686aa95861a1}</UniqueIdentifier>
    </Filter>
    <Filter Include="Resource Files\shaders\testShaders">
      <UniqueIdentifier>{393d6de2-c3d4-40be-a2f0-3e244aa03e97}</UniqueIdentifier>
    </Filter>
    <Filter Include="Header Files\interfaces">
      <UniqueIdentifier>{21086489-21b1-4d4a-807f-21e1ac1bd683}</UniqueIdentifier>
    </Filter>
  </ItemGroup>
  <ItemGroup>
    <ClCompile Include="Main.cpp">
      <Filter>Source Files</Filter>
    </ClCompile>
    <ClCompile Include="VertexBuffer.cpp">
      <Filter>Source Files</Filter>
    </ClCompile>
    <ClCompile Include="IndexBuffer.cpp">
      <Filter>Source Files</Filter>
    </ClCompile>
    <ClCompile Include="Transformation.cpp">
      <Filter>Source Files\Transformations</Filter>
    </ClCompile>
    <ClCompile Include="TransformationComposite.cpp">
      <Filter>Source Files\Transformations</Filter>
    </ClCompile>
    <ClCompile Include="transformationRotate.cpp">
      <Filter>Source Files\Transformations</Filter>
    </ClCompile>
    <ClCompile Include="TransformationScale.cpp">
      <Filter>Source Files\Transformations</Filter>
    </ClCompile>
    <ClCompile Include="TransformationTranslate.cpp">
      <Filter>Source Files\Transformations</Filter>
    </ClCompile>
    <ClCompile Include="Scene.cpp">
      <Filter>Source Files</Filter>
    </ClCompile>
    <ClCompile Include="MatrixHelper.cpp">
      <Filter>Source Files\Common</Filter>
    </ClCompile>
    <ClCompile Include="ErrorHandler.cpp">
      <Filter>Source Files\Common</Filter>
    </ClCompile>
    <ClCompile Include="Drawableobject.cpp">
      <Filter>Source Files\DrawableObjects</Filter>
    </ClCompile>
    <ClCompile Include="ShaderProgram.cpp">
      <Filter>Source Files\ShaderClasses</Filter>
    </ClCompile>
    <ClCompile Include="ShaderLoader.cpp">
      <Filter>Source Files\ShaderClasses</Filter>
    </ClCompile>
    <ClCompile Include="SceneGenerator.cpp">
      <Filter>Source Files\Common</Filter>
    </ClCompile>
    <ClCompile Include="SceneManager.cpp">
      <Filter>Source Files\Common</Filter>
    </ClCompile>
    <ClCompile Include="StartupManager.cpp">
      <Filter>Source Files\Common</Filter>
    </ClCompile>
    <ClCompile Include="ShaderProgramManager.cpp">
      <Filter>Source Files\Common</Filter>
    </ClCompile>
    <ClCompile Include="Camera.cpp">
      <Filter>Source Files</Filter>
    </ClCompile>
    <ClCompile Include="Application.cpp">
      <Filter>Source Files\Common</Filter>
    </ClCompile>
    <ClCompile Include="InputManager.cpp">
      <Filter>Source Files\Common</Filter>
    </ClCompile>
    <ClCompile Include="LightPublisher.cpp">
      <Filter>Source Files</Filter>
    </ClCompile>
    <ClCompile Include="LightSource.cpp">
      <Filter>Source Files</Filter>
    </ClCompile>
  </ItemGroup>
  <ItemGroup>
    <ClInclude Include="ShaderProgram.h">
      <Filter>Header Files</Filter>
    </ClInclude>
    <ClInclude Include="VertexBuffer.h">
      <Filter>Header Files</Filter>
    </ClInclude>
    <ClInclude Include="IndexBuffer.h">
      <Filter>Header Files</Filter>
    </ClInclude>
    <ClInclude Include="bushes.h">
      <Filter>Resource Files\models</Filter>
    </ClInclude>
    <ClInclude Include="gift.h">
      <Filter>Resource Files\models</Filter>
    </ClInclude>
    <ClInclude Include="plain.h">
      <Filter>Resource Files\models</Filter>
    </ClInclude>
    <ClInclude Include="sphere.h">
      <Filter>Resource Files\models</Filter>
    </ClInclude>
    <ClInclude Include="suzi_flat.h">
      <Filter>Resource Files\models</Filter>
    </ClInclude>
    <ClInclude Include="suzi_smooth.h">
      <Filter>Resource Files\models</Filter>
    </ClInclude>
    <ClInclude Include="tree.h">
      <Filter>Resource Files\models</Filter>
    </ClInclude>
    <ClInclude Include="DrawableObject.h">
      <Filter>Header Files</Filter>
    </ClInclude>
    <ClInclude Include="Transformation.h">
      <Filter>Header Files\Transformations</Filter>
    </ClInclude>
    <ClInclude Include="TransformationComposite.h">
      <Filter>Header Files\Transformations</Filter>
    </ClInclude>
    <ClInclude Include="TransformationScale.h">
      <Filter>Header Files\Transformations</Filter>
    </ClInclude>
    <ClInclude Include="TransformationRotate.h">
      <Filter>Header Files\Transformations</Filter>
    </ClInclude>
    <ClInclude Include="TransformationTranslate.h">
      <Filter>Header Files\Transformations</Filter>
    </ClInclude>
    <ClInclude Include="Scene.h">
      <Filter>Header Files</Filter>
    </ClInclude>
    <ClInclude Include="Camera.h">
      <Filter>Header Files</Filter>
    </ClInclude>
    <ClInclude Include="ShaderLoader.h">
      <Filter>Header Files</Filter>
    </ClInclude>
    <ClInclude Include="LightSource.h">
      <Filter>Header Files</Filter>
    </ClInclude>
    <ClInclude Include="ErrorHandler.h">
      <Filter>Header Files\Common</Filter>
    </ClInclude>
    <ClInclude Include="MatrixHelper.h">
      <Filter>Header Files\Common</Filter>
    </ClInclude>
    <ClInclude Include="StartupManager.hpp">
      <Filter>Header Files\Common</Filter>
    </ClInclude>
    <ClInclude Include="ShaderProgramManager.h">
      <Filter>Header Files\Common</Filter>
    </ClInclude>
    <ClInclude Include="SceneManager.h">
      <Filter>Header Files\Common</Filter>
    </ClInclude>
    <ClInclude Include="SceneGenerator.h">
      <Filter>Header Files\Common</Filter>
    </ClInclude>
    <ClInclude Include="Application.h">
      <Filter>Header Files</Filter>
    </ClInclude>
    <ClInclude Include="InputManager.h">
      <Filter>Header Files\Common</Filter>
    </ClInclude>
    <ClInclude Include="TransformationData.h">
      <Filter>Header Files\Structures</Filter>
    </ClInclude>
    <ClInclude Include="ShaderType.h">
      <Filter>Header Files\Enums</Filter>
    </ClInclude>
    <ClInclude Include="ShaderKind.h">
      <Filter>Header Files\Enums</Filter>
    </ClInclude>
    <ClInclude Include="ModelMapping.h">
      <Filter>Header Files\Structures</Filter>
    </ClInclude>
    <ClInclude Include="ModelType.h">
      <Filter>Header Files\Enums</Filter>
    </ClInclude>
    <ClInclude Include="cube.h">
      <Filter>Resource Files\models</Filter>
    </ClInclude>
    <ClInclude Include="ILightObserver.h">
      <Filter>Header Files\interfaces</Filter>
    </ClInclude>
    <ClInclude Include="ICameraObserver.h">
      <Filter>Header Files\interfaces</Filter>
    </ClInclude>
    <ClInclude Include="ShaderProgramSourceStrings.h">
      <Filter>Header Files\Structures</Filter>
    </ClInclude>
    <ClInclude Include="triangle.h">
      <Filter>Resource Files\models</Filter>
    </ClInclude>
    <ClInclude Include="CameraMovement.h">
      <Filter>Header Files</Filter>
    </ClInclude>
    <ClInclude Include="MaterialProperties.h">
      <Filter>Header Files</Filter>
    </ClInclude>
    <ClInclude Include="LightPublisher.h">
      <Filter>Header Files\Common</Filter>
    </ClInclude>
    <ClInclude Include="LightData.h">
      <Filter>Header Files\Structures</Filter>
    </ClInclude>
    <ClInclude Include="frag_phong_static.shader">
      <Filter>Resource Files\shaders\fragmentShaders</Filter>
    </ClInclude>
  </ItemGroup>
  <ItemGroup>
    <None Include="ColorShader.shader">
      <Filter>Resource Files\shaders</Filter>
    </None>
    <None Include="readmePipeline.md" />
    <None Include="Readme.md" />
    <None Include="Basic.shader">
      <Filter>Resource Files\shaders\mixedShaders</Filter>
    </None>
    <None Include="frag_constant.shader">
      <Filter>Resource Files\shaders\fragmentShaders</Filter>
    </None>
    <None Include="VertLight.shader">
      <Filter>Resource Files\shaders\testShaders</Filter>
    </None>
    <None Include="FragLight.shader">
      <Filter>Resource Files\shaders\testShaders</Filter>
    </None>
    <None Include="vert_constant.shader">
      <Filter>Resource Files\shaders\vertexShaders</Filter>
    </None>
    <None Include="frag_blinn.shader">
      <Filter>Resource Files\shaders\fragmentShaders</Filter>
    </None>
    <None Include="frag_phong.shader">
      <Filter>Resource Files\shaders\fragmentShaders</Filter>
    </None>
    <None Include="frag_lambert.shader">
      <Filter>Resource Files\shaders\fragmentShaders</Filter>
    </None>
    <None Include="vert_blinn.shader">
      <Filter>Resource Files\shaders\vertexShaders</Filter>
    </None>
    <None Include="vert_phong.shader">
      <Filter>Resource Files\shaders\vertexShaders</Filter>
    </None>
    <None Include="vert_lambert.shader">
      <Filter>Resource Files\shaders\vertexShaders</Filter>
    </None>
    <None Include="form.md" />
    <None Include="vert_light.shader">
      <Filter>Resource Files\shaders\vertexShaders</Filter>
    </None>
    <None Include="frag_light.shader">
      <Filter>Resource Files\shaders\fragmentShaders</Filter>
    </None>
    <None Include="frag_develop.shader">
      <Filter>Resource Files\shaders\fragmentShaders</Filter>
    </None>
    <None Include="vert_develop.shader">
      <Filter>Resource Files\shaders\vertexShaders</Filter>
    </None>
    <None Include="vert_phong_Static.shader">
      <Filter>Resource Files\shaders\vertexShaders</Filter>
    </None>
  </ItemGroup>
</Project>